
Microsoft Visual Studio Solution File, Format Version 12.00
# Visual Studio Version 17
VisualStudioVersion = 17.7.34031.279
MinimumVisualStudioVersion = 10.0.40219.1
Project("{FAE04EC0-301F-11D3-BF4B-00C04F79EFBC}") = "XrmRegister", "XrmRegister\XrmRegister.csproj", "{DBF000D0-C3E7-4436-AF08-EB58E1E4C794}"
EndProject
Global
	GlobalSection(SolutionConfigurationPlatforms) = preSolution
		Debug|Any CPU = Debug|Any CPU
		Release|Any CPU = Release|Any CPU
	EndGlobalSection
	GlobalSection(ProjectConfigurationPlatforms) = postSolution
		{DBF000D0-C3E7-4436-AF08-EB58E1E4C794}.Debug|Any CPU.ActiveCfg = Debug|Any CPU
		{DBF000D0-C3E7-4436-AF08-EB58E1E4C794}.Debug|Any CPU.Build.0 = Debug|Any CPU
		{DBF000D0-C3E7-4436-AF08-EB58E1E4C794}.Release|Any CPU.ActiveCfg = Release|Any CPU
		{DBF000D0-C3E7-4436-AF08-EB58E1E4C794}.Release|Any CPU.Build.0 = Release|Any CPU
	EndGlobalSection
	GlobalSection(SolutionProperties) = preSolution
		HideSolutionNode = FALSE
	EndGlobalSection
	GlobalSection(ExtensibilityGlobals) = postSolution
		SolutionGuid = {A06C3602-013F-46AF-A942-799522BE1539}
	EndGlobalSection
EndGlobal
